
Microsoft Visual Studio Solution File, Format Version 12.00
# Visual Studio Version 17
VisualStudioVersion = 17.2.32519.379
MinimumVisualStudioVersion = 10.0.40219.1
Project("{FAE04EC0-301F-11D3-BF4B-00C04F79EFBC}") = "Domain", "Domain\Domain.csproj", "{A0A453E2-165F-4117-8513-3128BD449866}"
EndProject
Project("{FAE04EC0-301F-11D3-BF4B-00C04F79EFBC}") = "Infra.Data", "Infra.Data\Infra.Data.csproj", "{40E17190-6D91-4D4E-976E-6D06CD8E2559}"
EndProject
Project("{FAE04EC0-301F-11D3-BF4B-00C04F79EFBC}") = "Aplication", "Aplication\Aplication.csproj", "{CD813D65-177D-4CA7-860C-E822DE3243F9}"
EndProject
Project("{FAE04EC0-301F-11D3-BF4B-00C04F79EFBC}") = "Infra.IoC", "Infra.IoC\Infra.IoC.csproj", "{FC7BA755-6ADC-4FE9-9138-B60B1A9F6E3A}"
EndProject
Project("{FAE04EC0-301F-11D3-BF4B-00C04F79EFBC}") = "Api", "Api\Api.csproj", "{1A142940-8847-411A-8761-75491919E26A}"
EndProject
Global
	GlobalSection(SolutionConfigurationPlatforms) = preSolution
		Debug|Any CPU = Debug|Any CPU
		Release|Any CPU = Release|Any CPU
	EndGlobalSection
	GlobalSection(ProjectConfigurationPlatforms) = postSolution
		{A0A453E2-165F-4117-8513-3128BD449866}.Debug|Any CPU.ActiveCfg = Debug|Any CPU
		{A0A453E2-165F-4117-8513-3128BD449866}.Debug|Any CPU.Build.0 = Debug|Any CPU
		{A0A453E2-165F-4117-8513-3128BD449866}.Release|Any CPU.ActiveCfg = Release|Any CPU
		{A0A453E2-165F-4117-8513-3128BD449866}.Release|Any CPU.Build.0 = Release|Any CPU
		{40E17190-6D91-4D4E-976E-6D06CD8E2559}.Debug|Any CPU.ActiveCfg = Debug|Any CPU
		{40E17190-6D91-4D4E-976E-6D06CD8E2559}.Debug|Any CPU.Build.0 = Debug|Any CPU
		{40E17190-6D91-4D4E-976E-6D06CD8E2559}.Release|Any CPU.ActiveCfg = Release|Any CPU
		{40E17190-6D91-4D4E-976E-6D06CD8E2559}.Release|Any CPU.Build.0 = Release|Any CPU
		{CD813D65-177D-4CA7-860C-E822DE3243F9}.Debug|Any CPU.ActiveCfg = Debug|Any CPU
		{CD813D65-177D-4CA7-860C-E822DE3243F9}.Debug|Any CPU.Build.0 = Debug|Any CPU
		{CD813D65-177D-4CA7-860C-E822DE3243F9}.Release|Any CPU.ActiveCfg = Release|Any CPU
		{CD813D65-177D-4CA7-860C-E822DE3243F9}.Release|Any CPU.Build.0 = Release|Any CPU
		{FC7BA755-6ADC-4FE9-9138-B60B1A9F6E3A}.Debug|Any CPU.ActiveCfg = Debug|Any CPU
		{FC7BA755-6ADC-4FE9-9138-B60B1A9F6E3A}.Debug|Any CPU.Build.0 = Debug|Any CPU
		{FC7BA755-6ADC-4FE9-9138-B60B1A9F6E3A}.Release|Any CPU.ActiveCfg = Release|Any CPU
		{FC7BA755-6ADC-4FE9-9138-B60B1A9F6E3A}.Release|Any CPU.Build.0 = Release|Any CPU
		{1A142940-8847-411A-8761-75491919E26A}.Debug|Any CPU.ActiveCfg = Debug|Any CPU
		{1A142940-8847-411A-8761-75491919E26A}.Debug|Any CPU.Build.0 = Debug|Any CPU
		{1A142940-8847-411A-8761-75491919E26A}.Release|Any CPU.ActiveCfg = Release|Any CPU
		{1A142940-8847-411A-8761-75491919E26A}.Release|Any CPU.Build.0 = Release|Any CPU
	EndGlobalSection
	GlobalSection(SolutionProperties) = preSolution
		HideSolutionNode = FALSE
	EndGlobalSection
	GlobalSection(ExtensibilityGlobals) = postSolution
		SolutionGuid = {4F61C9D1-87E7-489C-81A1-29A9F9E95D34}
	EndGlobalSection
EndGlobal
